
Microsoft Visual Studio Solution File, Format Version 12.00
# Visual Studio 2013
VisualStudioVersion = 12.0.31101.0
MinimumVisualStudioVersion = 10.0.40219.1
Project("{FAE04EC0-301F-11D3-BF4B-00C04F79EFBC}") = "DeliveryIngesup", "DeliveryIngesup\DeliveryIngesup.csproj", "{A67FAC34-5B21-4191-98AE-4FA1D88C5A8F}"
EndProject
Project("{2150E333-8FDC-42A3-9474-1A3956D46DE8}") = ".nuget", ".nuget", "{59DF3E50-2564-4255-A146-014C8819191B}"
	ProjectSection(SolutionItems) = preProject
		.nuget\NuGet.Config = .nuget\NuGet.Config
		.nuget\NuGet.exe = .nuget\NuGet.exe
		.nuget\NuGet.targets = .nuget\NuGet.targets
	EndProjectSection
EndProject
Project("{FAE04EC0-301F-11D3-BF4B-00C04F79EFBC}") = "DeliveryIngesupTests", "DeliveryIngesupTests\DeliveryIngesupTests.csproj", "{CE82AAF2-2935-4BAF-AEB6-CA85C105166B}"
EndProject
Project("{FAE04EC0-301F-11D3-BF4B-00C04F79EFBC}") = "WebServices", "WebServices\WebServices.csproj", "{BEBF943A-F8B8-406A-9AEC-1A3EE3512159}"
EndProject
Project("{FAE04EC0-301F-11D3-BF4B-00C04F79EFBC}") = "DAL", "DAL\DAL.csproj", "{F6F4EA1E-C06B-46F4-A689-69B1D3A92844}"
EndProject
Global
	GlobalSection(SolutionConfigurationPlatforms) = preSolution
		Debug|Any CPU = Debug|Any CPU
		Debug|ARM = Debug|ARM
		Debug|Mixed Platforms = Debug|Mixed Platforms
		Debug|x64 = Debug|x64
		Debug|x86 = Debug|x86
		Release|Any CPU = Release|Any CPU
		Release|ARM = Release|ARM
		Release|Mixed Platforms = Release|Mixed Platforms
		Release|x64 = Release|x64
		Release|x86 = Release|x86
	EndGlobalSection
	GlobalSection(ProjectConfigurationPlatforms) = postSolution
		{A67FAC34-5B21-4191-98AE-4FA1D88C5A8F}.Debug|Any CPU.ActiveCfg = Debug|Any CPU
		{A67FAC34-5B21-4191-98AE-4FA1D88C5A8F}.Debug|Any CPU.Build.0 = Debug|Any CPU
		{A67FAC34-5B21-4191-98AE-4FA1D88C5A8F}.Debug|Any CPU.Deploy.0 = Debug|Any CPU
		{A67FAC34-5B21-4191-98AE-4FA1D88C5A8F}.Debug|ARM.ActiveCfg = Debug|ARM
		{A67FAC34-5B21-4191-98AE-4FA1D88C5A8F}.Debug|ARM.Build.0 = Debug|ARM
		{A67FAC34-5B21-4191-98AE-4FA1D88C5A8F}.Debug|ARM.Deploy.0 = Debug|ARM
		{A67FAC34-5B21-4191-98AE-4FA1D88C5A8F}.Debug|Mixed Platforms.ActiveCfg = Debug|x86
		{A67FAC34-5B21-4191-98AE-4FA1D88C5A8F}.Debug|Mixed Platforms.Build.0 = Debug|x86
		{A67FAC34-5B21-4191-98AE-4FA1D88C5A8F}.Debug|Mixed Platforms.Deploy.0 = Debug|x86
		{A67FAC34-5B21-4191-98AE-4FA1D88C5A8F}.Debug|x64.ActiveCfg = Debug|x64
		{A67FAC34-5B21-4191-98AE-4FA1D88C5A8F}.Debug|x64.Build.0 = Debug|x64
		{A67FAC34-5B21-4191-98AE-4FA1D88C5A8F}.Debug|x64.Deploy.0 = Debug|x64
		{A67FAC34-5B21-4191-98AE-4FA1D88C5A8F}.Debug|x86.ActiveCfg = Debug|x86
		{A67FAC34-5B21-4191-98AE-4FA1D88C5A8F}.Debug|x86.Build.0 = Debug|x86
		{A67FAC34-5B21-4191-98AE-4FA1D88C5A8F}.Debug|x86.Deploy.0 = Debug|x86
		{A67FAC34-5B21-4191-98AE-4FA1D88C5A8F}.Release|Any CPU.ActiveCfg = Release|Any CPU
		{A67FAC34-5B21-4191-98AE-4FA1D88C5A8F}.Release|Any CPU.Build.0 = Release|Any CPU
		{A67FAC34-5B21-4191-98AE-4FA1D88C5A8F}.Release|Any CPU.Deploy.0 = Release|Any CPU
		{A67FAC34-5B21-4191-98AE-4FA1D88C5A8F}.Release|ARM.ActiveCfg = Release|ARM
		{A67FAC34-5B21-4191-98AE-4FA1D88C5A8F}.Release|ARM.Build.0 = Release|ARM
		{A67FAC34-5B21-4191-98AE-4FA1D88C5A8F}.Release|ARM.Deploy.0 = Release|ARM
		{A67FAC34-5B21-4191-98AE-4FA1D88C5A8F}.Release|Mixed Platforms.ActiveCfg = Release|x86
		{A67FAC34-5B21-4191-98AE-4FA1D88C5A8F}.Release|Mixed Platforms.Build.0 = Release|x86
		{A67FAC34-5B21-4191-98AE-4FA1D88C5A8F}.Release|Mixed Platforms.Deploy.0 = Release|x86
		{A67FAC34-5B21-4191-98AE-4FA1D88C5A8F}.Release|x64.ActiveCfg = Release|x64
		{A67FAC34-5B21-4191-98AE-4FA1D88C5A8F}.Release|x64.Build.0 = Release|x64
		{A67FAC34-5B21-4191-98AE-4FA1D88C5A8F}.Release|x64.Deploy.0 = Release|x64
		{A67FAC34-5B21-4191-98AE-4FA1D88C5A8F}.Release|x86.ActiveCfg = Release|x86
		{A67FAC34-5B21-4191-98AE-4FA1D88C5A8F}.Release|x86.Build.0 = Release|x86
		{A67FAC34-5B21-4191-98AE-4FA1D88C5A8F}.Release|x86.Deploy.0 = Release|x86
		{CE82AAF2-2935-4BAF-AEB6-CA85C105166B}.Debug|Any CPU.ActiveCfg = Debug|Any CPU
		{CE82AAF2-2935-4BAF-AEB6-CA85C105166B}.Debug|Any CPU.Build.0 = Debug|Any CPU
		{CE82AAF2-2935-4BAF-AEB6-CA85C105166B}.Debug|Any CPU.Deploy.0 = Debug|Any CPU
		{CE82AAF2-2935-4BAF-AEB6-CA85C105166B}.Debug|ARM.ActiveCfg = Debug|ARM
		{CE82AAF2-2935-4BAF-AEB6-CA85C105166B}.Debug|ARM.Build.0 = Debug|ARM
		{CE82AAF2-2935-4BAF-AEB6-CA85C105166B}.Debug|ARM.Deploy.0 = Debug|ARM
		{CE82AAF2-2935-4BAF-AEB6-CA85C105166B}.Debug|Mixed Platforms.ActiveCfg = Debug|x86
		{CE82AAF2-2935-4BAF-AEB6-CA85C105166B}.Debug|Mixed Platforms.Build.0 = Debug|x86
		{CE82AAF2-2935-4BAF-AEB6-CA85C105166B}.Debug|Mixed Platforms.Deploy.0 = Debug|x86
		{CE82AAF2-2935-4BAF-AEB6-CA85C105166B}.Debug|x64.ActiveCfg = Debug|x64
		{CE82AAF2-2935-4BAF-AEB6-CA85C105166B}.Debug|x64.Build.0 = Debug|x64
		{CE82AAF2-2935-4BAF-AEB6-CA85C105166B}.Debug|x64.Deploy.0 = Debug|x64
		{CE82AAF2-2935-4BAF-AEB6-CA85C105166B}.Debug|x86.ActiveCfg = Debug|x86
		{CE82AAF2-2935-4BAF-AEB6-CA85C105166B}.Debug|x86.Build.0 = Debug|x86
		{CE82AAF2-2935-4BAF-AEB6-CA85C105166B}.Debug|x86.Deploy.0 = Debug|x86
		{CE82AAF2-2935-4BAF-AEB6-CA85C105166B}.Release|Any CPU.ActiveCfg = Release|Any CPU
		{CE82AAF2-2935-4BAF-AEB6-CA85C105166B}.Release|Any CPU.Build.0 = Release|Any CPU
		{CE82AAF2-2935-4BAF-AEB6-CA85C105166B}.Release|Any CPU.Deploy.0 = Release|Any CPU
		{CE82AAF2-2935-4BAF-AEB6-CA85C105166B}.Release|ARM.ActiveCfg = Release|ARM
		{CE82AAF2-2935-4BAF-AEB6-CA85C105166B}.Release|ARM.Build.0 = Release|ARM
		{CE82AAF2-2935-4BAF-AEB6-CA85C105166B}.Release|ARM.Deploy.0 = Release|ARM
		{CE82AAF2-2935-4BAF-AEB6-CA85C105166B}.Release|Mixed Platforms.ActiveCfg = Release|x86
		{CE82AAF2-2935-4BAF-AEB6-CA85C105166B}.Release|Mixed Platforms.Build.0 = Release|x86
		{CE82AAF2-2935-4BAF-AEB6-CA85C105166B}.Release|Mixed Platforms.Deploy.0 = Release|x86
		{CE82AAF2-2935-4BAF-AEB6-CA85C105166B}.Release|x64.ActiveCfg = Release|x64
		{CE82AAF2-2935-4BAF-AEB6-CA85C105166B}.Release|x64.Build.0 = Release|x64
		{CE82AAF2-2935-4BAF-AEB6-CA85C105166B}.Release|x64.Deploy.0 = Release|x64
		{CE82AAF2-2935-4BAF-AEB6-CA85C105166B}.Release|x86.ActiveCfg = Release|x86
		{CE82AAF2-2935-4BAF-AEB6-CA85C105166B}.Release|x86.Build.0 = Release|x86
		{CE82AAF2-2935-4BAF-AEB6-CA85C105166B}.Release|x86.Deploy.0 = Release|x86
		{BEBF943A-F8B8-406A-9AEC-1A3EE3512159}.Debug|Any CPU.ActiveCfg = Debug|Any CPU
		{BEBF943A-F8B8-406A-9AEC-1A3EE3512159}.Debug|Any CPU.Build.0 = Debug|Any CPU
		{BEBF943A-F8B8-406A-9AEC-1A3EE3512159}.Debug|ARM.ActiveCfg = Debug|Any CPU
		{BEBF943A-F8B8-406A-9AEC-1A3EE3512159}.Debug|Mixed Platforms.ActiveCfg = Debug|Any CPU
		{BEBF943A-F8B8-406A-9AEC-1A3EE3512159}.Debug|Mixed Platforms.Build.0 = Debug|Any CPU
		{BEBF943A-F8B8-406A-9AEC-1A3EE3512159}.Debug|x64.ActiveCfg = Debug|Any CPU
		{BEBF943A-F8B8-406A-9AEC-1A3EE3512159}.Debug|x86.ActiveCfg = Debug|Any CPU
		{BEBF943A-F8B8-406A-9AEC-1A3EE3512159}.Release|Any CPU.ActiveCfg = Release|Any CPU
		{BEBF943A-F8B8-406A-9AEC-1A3EE3512159}.Release|Any CPU.Build.0 = Release|Any CPU
		{BEBF943A-F8B8-406A-9AEC-1A3EE3512159}.Release|ARM.ActiveCfg = Release|Any CPU
		{BEBF943A-F8B8-406A-9AEC-1A3EE3512159}.Release|Mixed Platforms.ActiveCfg = Release|Any CPU
		{BEBF943A-F8B8-406A-9AEC-1A3EE3512159}.Release|Mixed Platforms.Build.0 = Release|Any CPU
		{BEBF943A-F8B8-406A-9AEC-1A3EE3512159}.Release|x64.ActiveCfg = Release|Any CPU
		{BEBF943A-F8B8-406A-9AEC-1A3EE3512159}.Release|x86.ActiveCfg = Release|Any CPU
		{F6F4EA1E-C06B-46F4-A689-69B1D3A92844}.Debug|Any CPU.ActiveCfg = Debug|Any CPU
		{F6F4EA1E-C06B-46F4-A689-69B1D3A92844}.Debug|Any CPU.Build.0 = Debug|Any CPU
		{F6F4EA1E-C06B-46F4-A689-69B1D3A92844}.Debug|ARM.ActiveCfg = Debug|ARM
		{F6F4EA1E-C06B-46F4-A689-69B1D3A92844}.Debug|ARM.Build.0 = Debug|ARM
		{F6F4EA1E-C06B-46F4-A689-69B1D3A92844}.Debug|Mixed Platforms.ActiveCfg = Debug|x86
		{F6F4EA1E-C06B-46F4-A689-69B1D3A92844}.Debug|Mixed Platforms.Build.0 = Debug|x86
		{F6F4EA1E-C06B-46F4-A689-69B1D3A92844}.Debug|x64.ActiveCfg = Debug|x64
		{F6F4EA1E-C06B-46F4-A689-69B1D3A92844}.Debug|x64.Build.0 = Debug|x64
		{F6F4EA1E-C06B-46F4-A689-69B1D3A92844}.Debug|x86.ActiveCfg = Debug|x86
		{F6F4EA1E-C06B-46F4-A689-69B1D3A92844}.Debug|x86.Build.0 = Debug|x86
		{F6F4EA1E-C06B-46F4-A689-69B1D3A92844}.Release|Any CPU.ActiveCfg = Release|Any CPU
		{F6F4EA1E-C06B-46F4-A689-69B1D3A92844}.Release|Any CPU.Build.0 = Release|Any CPU
		{F6F4EA1E-C06B-46F4-A689-69B1D3A92844}.Release|ARM.ActiveCfg = Release|ARM
		{F6F4EA1E-C06B-46F4-A689-69B1D3A92844}.Release|ARM.Build.0 = Release|ARM
		{F6F4EA1E-C06B-46F4-A689-69B1D3A92844}.Release|Mixed Platforms.ActiveCfg = Release|x86
		{F6F4EA1E-C06B-46F4-A689-69B1D3A92844}.Release|Mixed Platforms.Build.0 = Release|x86
		{F6F4EA1E-C06B-46F4-A689-69B1D3A92844}.Release|x64.ActiveCfg = Release|x64
		{F6F4EA1E-C06B-46F4-A689-69B1D3A92844}.Release|x64.Build.0 = Release|x64
		{F6F4EA1E-C06B-46F4-A689-69B1D3A92844}.Release|x86.ActiveCfg = Release|x86
		{F6F4EA1E-C06B-46F4-A689-69B1D3A92844}.Release|x86.Build.0 = Release|x86
	EndGlobalSection
	GlobalSection(SolutionProperties) = preSolution
		HideSolutionNode = FALSE
	EndGlobalSection
EndGlobal
